
Microsoft Visual Studio Solution File, Format Version 12.00
# Visual Studio Version 17
VisualStudioVersion = 17.0.31903.59
MinimumVisualStudioVersion = 10.0.40219.1
Project("{2150E333-8FDC-42A3-9474-1A3956D46DE8}") = "Adapters", "Adapters", "{09DF2EE5-5FE7-3EC7-59CB-CAD7E0928979}"
EndProject
Project("{FAE04EC0-301F-11D3-BF4B-00C04F79EFBC}") = "emc.camus.persistence.postgresql", "Adapters\emc.camus.persistence.postgresql\emc.camus.persistence.postgresql.csproj", "{964F24AC-0F60-4BEA-88AB-0168E57B9CFC}"
EndProject
Project("{FAE04EC0-301F-11D3-BF4B-00C04F79EFBC}") = "emc.camus.secrets.dapr", "Adapters\emc.camus.secrets.dapr\emc.camus.secrets.dapr.csproj", "{EEC1170E-763D-40AC-B88B-CF9662772EBE}"
EndProject
Project("{2150E333-8FDC-42A3-9474-1A3956D46DE8}") = "Api", "Api", "{D82C56D6-B2CD-F611-9E31-04638F7EC30E}"
EndProject
Project("{FAE04EC0-301F-11D3-BF4B-00C04F79EFBC}") = "emc.camus.api", "Api\emc.camus.api\emc.camus.api.csproj", "{2B4C5F96-0498-4BDA-B6A4-985BBA94A775}"
EndProject
Project("{2150E333-8FDC-42A3-9474-1A3956D46DE8}") = "Application", "Application", "{A74F262E-BDE7-D5D2-89E9-785413424D0A}"
EndProject
Project("{FAE04EC0-301F-11D3-BF4B-00C04F79EFBC}") = "emc.camus.application", "Application\emc.camus.application\emc.camus.application.csproj", "{E62BF511-8F80-4D40-A905-A6C9B2607C17}"
EndProject
Project("{2150E333-8FDC-42A3-9474-1A3956D46DE8}") = "Domain", "Domain", "{996CEBED-A05B-5D42-3FF0-982E087A2599}"
EndProject
Project("{FAE04EC0-301F-11D3-BF4B-00C04F79EFBC}") = "emc.camus.domain", "Domain\emc.camus.domain\emc.camus.domain.csproj", "{269922F1-240F-4697-A669-CACDE08ABE1D}"
EndProject
Project("{2150E333-8FDC-42A3-9474-1A3956D46DE8}") = "Test", "Test", "{0C88DD14-F956-CE84-757C-A364CCF449FC}"
EndProject
Project("{FAE04EC0-301F-11D3-BF4B-00C04F79EFBC}") = "emc.camus.persistence.postgresql.test", "Test\emc.camus.persistence.postgresql.test\emc.camus.persistence.postgresql.test.csproj", "{16EE136F-5C36-4AFB-ADC5-16B427396DE9}"
EndProject
Project("{FAE04EC0-301F-11D3-BF4B-00C04F79EFBC}") = "emc.camus.api.test", "Test\emc.camus.api.test\emc.camus.api.test.csproj", "{B3A6F6D5-78C1-44E2-B1AC-3155616B9786}"
EndProject
Project("{FAE04EC0-301F-11D3-BF4B-00C04F79EFBC}") = "emc.camus.application.test", "Test\emc.camus.application.test\emc.camus.application.test.csproj", "{8CD53263-6E2E-49B0-8999-77489BC85C36}"
EndProject
Project("{FAE04EC0-301F-11D3-BF4B-00C04F79EFBC}") = "emc.camus.domain.test", "Test\emc.camus.domain.test\emc.camus.domain.test.csproj", "{FF782063-CD14-4F73-A8CE-E59D18641EC5}"
EndProject
Project("{FAE04EC0-301F-11D3-BF4B-00C04F79EFBC}") = "emc.camus.observability.otel.test", "Test\emc.camus.observability.otel.test\emc.camus.observability.otel.test.csproj", "{A99BA312-1F24-409B-BB89-39CD6D19C64A}"
EndProject
Project("{FAE04EC0-301F-11D3-BF4B-00C04F79EFBC}") = "emc.camus.secrets.dapr.test", "Test\emc.camus.secrets.dapr.test\emc.camus.secrets.dapr.test.csproj", "{0608670D-6983-4BCD-A867-2D9A63FA36DE}"
EndProject
Project("{FAE04EC0-301F-11D3-BF4B-00C04F79EFBC}") = "emc.camus.observability.otel", "Adapters\emc.camus.observability.otel\emc.camus.observability.otel.csproj", "{7D7B4AF5-F609-46B9-9C80-3C140BA8DFDA}"
EndProject
Project("{FAE04EC0-301F-11D3-BF4B-00C04F79EFBC}") = "emc.camus.persistence.inmemory", "Adapters\emc.camus.persistence.inmemory\emc.camus.persistence.inmemory.csproj", "{E2D55D67-EB64-432E-8888-16FB405F8F4A}"
EndProject
Project("{FAE04EC0-301F-11D3-BF4B-00C04F79EFBC}") = "emc.camus.migrations.dbup", "Adapters\emc.camus.migrations.dbup\emc.camus.migrations.dbup.csproj", "{3075C1EE-74A9-4432-B9F9-71EB812AC358}"
EndProject
Project("{FAE04EC0-301F-11D3-BF4B-00C04F79EFBC}") = "emc.camus.cache.inmemory", "Adapters\emc.camus.cache.inmemory\emc.camus.cache.inmemory.csproj", "{F574CE42-F2B1-463E-AF48-DE0982E7727B}"
EndProject
Project("{FAE04EC0-301F-11D3-BF4B-00C04F79EFBC}") = "emc.camus.cache.inmemory.test", "Test\emc.camus.cache.inmemory.test\emc.camus.cache.inmemory.test.csproj", "{C819A6CC-B7D2-4EE6-827E-45B0522EC213}"
EndProject
Project("{FAE04EC0-301F-11D3-BF4B-00C04F79EFBC}") = "emc.camus.migrations.dbup.test", "Test\emc.camus.migrations.dbup.test\emc.camus.migrations.dbup.test.csproj", "{0714528A-2619-438E-90EA-36A7E24B4356}"
EndProject
Project("{FAE04EC0-301F-11D3-BF4B-00C04F79EFBC}") = "emc.camus.persistence.inmemory.test", "Test\emc.camus.persistence.inmemory.test\emc.camus.persistence.inmemory.test.csproj", "{E45C5F1F-4BDE-46CC-B75C-E554A3A0DA57}"
EndProject
Project("{FAE04EC0-301F-11D3-BF4B-00C04F79EFBC}") = "emc.camus.api.integration.test", "Test\emc.camus.api.integration.test\emc.camus.api.integration.test.csproj", "{E4990EB8-3E04-4E29-A002-16C2353B2045}"
EndProject
Global
	GlobalSection(SolutionConfigurationPlatforms) = preSolution
		Debug|Any CPU = Debug|Any CPU
		Debug|x64 = Debug|x64
		Debug|x86 = Debug|x86
		Release|Any CPU = Release|Any CPU
		Release|x64 = Release|x64
		Release|x86 = Release|x86
	EndGlobalSection
	GlobalSection(ProjectConfigurationPlatforms) = postSolution
		{964F24AC-0F60-4BEA-88AB-0168E57B9CFC}.Debug|Any CPU.ActiveCfg = Debug|Any CPU
		{964F24AC-0F60-4BEA-88AB-0168E57B9CFC}.Debug|Any CPU.Build.0 = Debug|Any CPU
		{964F24AC-0F60-4BEA-88AB-0168E57B9CFC}.Debug|x64.ActiveCfg = Debug|Any CPU
		{964F24AC-0F60-4BEA-88AB-0168E57B9CFC}.Debug|x64.Build.0 = Debug|Any CPU
		{964F24AC-0F60-4BEA-88AB-0168E57B9CFC}.Debug|x86.ActiveCfg = Debug|Any CPU
		{964F24AC-0F60-4BEA-88AB-0168E57B9CFC}.Debug|x86.Build.0 = Debug|Any CPU
		{964F24AC-0F60-4BEA-88AB-0168E57B9CFC}.Release|Any CPU.ActiveCfg = Release|Any CPU
		{964F24AC-0F60-4BEA-88AB-0168E57B9CFC}.Release|Any CPU.Build.0 = Release|Any CPU
		{964F24AC-0F60-4BEA-88AB-0168E57B9CFC}.Release|x64.ActiveCfg = Release|Any CPU
		{964F24AC-0F60-4BEA-88AB-0168E57B9CFC}.Release|x64.Build.0 = Release|Any CPU
		{964F24AC-0F60-4BEA-88AB-0168E57B9CFC}.Release|x86.ActiveCfg = Release|Any CPU
		{964F24AC-0F60-4BEA-88AB-0168E57B9CFC}.Release|x86.Build.0 = Release|Any CPU
		{EEC1170E-763D-40AC-B88B-CF9662772EBE}.Debug|Any CPU.ActiveCfg = Debug|Any CPU
		{EEC1170E-763D-40AC-B88B-CF9662772EBE}.Debug|Any CPU.Build.0 = Debug|Any CPU
		{EEC1170E-763D-40AC-B88B-CF9662772EBE}.Debug|x64.ActiveCfg = Debug|Any CPU
		{EEC1170E-763D-40AC-B88B-CF9662772EBE}.Debug|x64.Build.0 = Debug|Any CPU
		{EEC1170E-763D-40AC-B88B-CF9662772EBE}.Debug|x86.ActiveCfg = Debug|Any CPU
		{EEC1170E-763D-40AC-B88B-CF9662772EBE}.Debug|x86.Build.0 = Debug|Any CPU
		{EEC1170E-763D-40AC-B88B-CF9662772EBE}.Release|Any CPU.ActiveCfg = Release|Any CPU
		{EEC1170E-763D-40AC-B88B-CF9662772EBE}.Release|Any CPU.Build.0 = Release|Any CPU
		{EEC1170E-763D-40AC-B88B-CF9662772EBE}.Release|x64.ActiveCfg = Release|Any CPU
		{EEC1170E-763D-40AC-B88B-CF9662772EBE}.Release|x64.Build.0 = Release|Any CPU
		{EEC1170E-763D-40AC-B88B-CF9662772EBE}.Release|x86.ActiveCfg = Release|Any CPU
		{EEC1170E-763D-40AC-B88B-CF9662772EBE}.Release|x86.Build.0 = Release|Any CPU
		{2B4C5F96-0498-4BDA-B6A4-985BBA94A775}.Debug|Any CPU.ActiveCfg = Debug|Any CPU
		{2B4C5F96-0498-4BDA-B6A4-985BBA94A775}.Debug|Any CPU.Build.0 = Debug|Any CPU
		{2B4C5F96-0498-4BDA-B6A4-985BBA94A775}.Debug|x64.ActiveCfg = Debug|Any CPU
		{2B4C5F96-0498-4BDA-B6A4-985BBA94A775}.Debug|x64.Build.0 = Debug|Any CPU
		{2B4C5F96-0498-4BDA-B6A4-985BBA94A775}.Debug|x86.ActiveCfg = Debug|Any CPU
		{2B4C5F96-0498-4BDA-B6A4-985BBA94A775}.Debug|x86.Build.0 = Debug|Any CPU
		{2B4C5F96-0498-4BDA-B6A4-985BBA94A775}.Release|Any CPU.ActiveCfg = Release|Any CPU
		{2B4C5F96-0498-4BDA-B6A4-985BBA94A775}.Release|Any CPU.Build.0 = Release|Any CPU
		{2B4C5F96-0498-4BDA-B6A4-985BBA94A775}.Release|x64.ActiveCfg = Release|Any CPU
		{2B4C5F96-0498-4BDA-B6A4-985BBA94A775}.Release|x64.Build.0 = Release|Any CPU
		{2B4C5F96-0498-4BDA-B6A4-985BBA94A775}.Release|x86.ActiveCfg = Release|Any CPU
		{2B4C5F96-0498-4BDA-B6A4-985BBA94A775}.Release|x86.Build.0 = Release|Any CPU
		{E62BF511-8F80-4D40-A905-A6C9B2607C17}.Debug|Any CPU.ActiveCfg = Debug|Any CPU
		{E62BF511-8F80-4D40-A905-A6C9B2607C17}.Debug|Any CPU.Build.0 = Debug|Any CPU
		{E62BF511-8F80-4D40-A905-A6C9B2607C17}.Debug|x64.ActiveCfg = Debug|Any CPU
		{E62BF511-8F80-4D40-A905-A6C9B2607C17}.Debug|x64.Build.0 = Debug|Any CPU
		{E62BF511-8F80-4D40-A905-A6C9B2607C17}.Debug|x86.ActiveCfg = Debug|Any CPU
		{E62BF511-8F80-4D40-A905-A6C9B2607C17}.Debug|x86.Build.0 = Debug|Any CPU
		{E62BF511-8F80-4D40-A905-A6C9B2607C17}.Release|Any CPU.ActiveCfg = Release|Any CPU
		{E62BF511-8F80-4D40-A905-A6C9B2607C17}.Release|Any CPU.Build.0 = Release|Any CPU
		{E62BF511-8F80-4D40-A905-A6C9B2607C17}.Release|x64.ActiveCfg = Release|Any CPU
		{E62BF511-8F80-4D40-A905-A6C9B2607C17}.Release|x64.Build.0 = Release|Any CPU
		{E62BF511-8F80-4D40-A905-A6C9B2607C17}.Release|x86.ActiveCfg = Release|Any CPU
		{E62BF511-8F80-4D40-A905-A6C9B2607C17}.Release|x86.Build.0 = Release|Any CPU
		{269922F1-240F-4697-A669-CACDE08ABE1D}.Debug|Any CPU.ActiveCfg = Debug|Any CPU
		{269922F1-240F-4697-A669-CACDE08ABE1D}.Debug|Any CPU.Build.0 = Debug|Any CPU
		{269922F1-240F-4697-A669-CACDE08ABE1D}.Debug|x64.ActiveCfg = Debug|Any CPU
		{269922F1-240F-4697-A669-CACDE08ABE1D}.Debug|x64.Build.0 = Debug|Any CPU
		{269922F1-240F-4697-A669-CACDE08ABE1D}.Debug|x86.ActiveCfg = Debug|Any CPU
		{269922F1-240F-4697-A669-CACDE08ABE1D}.Debug|x86.Build.0 = Debug|Any CPU
		{269922F1-240F-4697-A669-CACDE08ABE1D}.Release|Any CPU.ActiveCfg = Release|Any CPU
		{269922F1-240F-4697-A669-CACDE08ABE1D}.Release|Any CPU.Build.0 = Release|Any CPU
		{269922F1-240F-4697-A669-CACDE08ABE1D}.Release|x64.ActiveCfg = Release|Any CPU
		{269922F1-240F-4697-A669-CACDE08ABE1D}.Release|x64.Build.0 = Release|Any CPU
		{269922F1-240F-4697-A669-CACDE08ABE1D}.Release|x86.ActiveCfg = Release|Any CPU
		{269922F1-240F-4697-A669-CACDE08ABE1D}.Release|x86.Build.0 = Release|Any CPU
		{16EE136F-5C36-4AFB-ADC5-16B427396DE9}.Debug|Any CPU.ActiveCfg = Debug|Any CPU
		{16EE136F-5C36-4AFB-ADC5-16B427396DE9}.Debug|Any CPU.Build.0 = Debug|Any CPU
		{16EE136F-5C36-4AFB-ADC5-16B427396DE9}.Debug|x64.ActiveCfg = Debug|Any CPU
		{16EE136F-5C36-4AFB-ADC5-16B427396DE9}.Debug|x64.Build.0 = Debug|Any CPU
		{16EE136F-5C36-4AFB-ADC5-16B427396DE9}.Debug|x86.ActiveCfg = Debug|Any CPU
		{16EE136F-5C36-4AFB-ADC5-16B427396DE9}.Debug|x86.Build.0 = Debug|Any CPU
		{16EE136F-5C36-4AFB-ADC5-16B427396DE9}.Release|Any CPU.ActiveCfg = Release|Any CPU
		{16EE136F-5C36-4AFB-ADC5-16B427396DE9}.Release|Any CPU.Build.0 = Release|Any CPU
		{16EE136F-5C36-4AFB-ADC5-16B427396DE9}.Release|x64.ActiveCfg = Release|Any CPU
		{16EE136F-5C36-4AFB-ADC5-16B427396DE9}.Release|x64.Build.0 = Release|Any CPU
		{16EE136F-5C36-4AFB-ADC5-16B427396DE9}.Release|x86.ActiveCfg = Release|Any CPU
		{16EE136F-5C36-4AFB-ADC5-16B427396DE9}.Release|x86.Build.0 = Release|Any CPU
		{B3A6F6D5-78C1-44E2-B1AC-3155616B9786}.Debug|Any CPU.ActiveCfg = Debug|Any CPU
		{B3A6F6D5-78C1-44E2-B1AC-3155616B9786}.Debug|Any CPU.Build.0 = Debug|Any CPU
		{B3A6F6D5-78C1-44E2-B1AC-3155616B9786}.Debug|x64.ActiveCfg = Debug|Any CPU
		{B3A6F6D5-78C1-44E2-B1AC-3155616B9786}.Debug|x64.Build.0 = Debug|Any CPU
		{B3A6F6D5-78C1-44E2-B1AC-3155616B9786}.Debug|x86.ActiveCfg = Debug|Any CPU
		{B3A6F6D5-78C1-44E2-B1AC-3155616B9786}.Debug|x86.Build.0 = Debug|Any CPU
		{B3A6F6D5-78C1-44E2-B1AC-3155616B9786}.Release|Any CPU.ActiveCfg = Release|Any CPU
		{B3A6F6D5-78C1-44E2-B1AC-3155616B9786}.Release|Any CPU.Build.0 = Release|Any CPU
		{B3A6F6D5-78C1-44E2-B1AC-3155616B9786}.Release|x64.ActiveCfg = Release|Any CPU
		{B3A6F6D5-78C1-44E2-B1AC-3155616B9786}.Release|x64.Build.0 = Release|Any CPU
		{B3A6F6D5-78C1-44E2-B1AC-3155616B9786}.Release|x86.ActiveCfg = Release|Any CPU
		{B3A6F6D5-78C1-44E2-B1AC-3155616B9786}.Release|x86.Build.0 = Release|Any CPU
		{8CD53263-6E2E-49B0-8999-77489BC85C36}.Debug|Any CPU.ActiveCfg = Debug|Any CPU
		{8CD53263-6E2E-49B0-8999-77489BC85C36}.Debug|Any CPU.Build.0 = Debug|Any CPU
		{8CD53263-6E2E-49B0-8999-77489BC85C36}.Debug|x64.ActiveCfg = Debug|Any CPU
		{8CD53263-6E2E-49B0-8999-77489BC85C36}.Debug|x64.Build.0 = Debug|Any CPU
		{8CD53263-6E2E-49B0-8999-77489BC85C36}.Debug|x86.ActiveCfg = Debug|Any CPU
		{8CD53263-6E2E-49B0-8999-77489BC85C36}.Debug|x86.Build.0 = Debug|Any CPU
		{8CD53263-6E2E-49B0-8999-77489BC85C36}.Release|Any CPU.ActiveCfg = Release|Any CPU
		{8CD53263-6E2E-49B0-8999-77489BC85C36}.Release|Any CPU.Build.0 = Release|Any CPU
		{8CD53263-6E2E-49B0-8999-77489BC85C36}.Release|x64.ActiveCfg = Release|Any CPU
		{8CD53263-6E2E-49B0-8999-77489BC85C36}.Release|x64.Build.0 = Release|Any CPU
		{8CD53263-6E2E-49B0-8999-77489BC85C36}.Release|x86.ActiveCfg = Release|Any CPU
		{8CD53263-6E2E-49B0-8999-77489BC85C36}.Release|x86.Build.0 = Release|Any CPU
		{FF782063-CD14-4F73-A8CE-E59D18641EC5}.Debug|Any CPU.ActiveCfg = Debug|Any CPU
		{FF782063-CD14-4F73-A8CE-E59D18641EC5}.Debug|Any CPU.Build.0 = Debug|Any CPU
		{FF782063-CD14-4F73-A8CE-E59D18641EC5}.Debug|x64.ActiveCfg = Debug|Any CPU
		{FF782063-CD14-4F73-A8CE-E59D18641EC5}.Debug|x64.Build.0 = Debug|Any CPU
		{FF782063-CD14-4F73-A8CE-E59D18641EC5}.Debug|x86.ActiveCfg = Debug|Any CPU
		{FF782063-CD14-4F73-A8CE-E59D18641EC5}.Debug|x86.Build.0 = Debug|Any CPU
		{FF782063-CD14-4F73-A8CE-E59D18641EC5}.Release|Any CPU.ActiveCfg = Release|Any CPU
		{FF782063-CD14-4F73-A8CE-E59D18641EC5}.Release|Any CPU.Build.0 = Release|Any CPU
		{FF782063-CD14-4F73-A8CE-E59D18641EC5}.Release|x64.ActiveCfg = Release|Any CPU
		{FF782063-CD14-4F73-A8CE-E59D18641EC5}.Release|x64.Build.0 = Release|Any CPU
		{FF782063-CD14-4F73-A8CE-E59D18641EC5}.Release|x86.ActiveCfg = Release|Any CPU
		{FF782063-CD14-4F73-A8CE-E59D18641EC5}.Release|x86.Build.0 = Release|Any CPU
		{A99BA312-1F24-409B-BB89-39CD6D19C64A}.Debug|Any CPU.ActiveCfg = Debug|Any CPU
		{A99BA312-1F24-409B-BB89-39CD6D19C64A}.Debug|Any CPU.Build.0 = Debug|Any CPU
		{A99BA312-1F24-409B-BB89-39CD6D19C64A}.Debug|x64.ActiveCfg = Debug|Any CPU
		{A99BA312-1F24-409B-BB89-39CD6D19C64A}.Debug|x64.Build.0 = Debug|Any CPU
		{A99BA312-1F24-409B-BB89-39CD6D19C64A}.Debug|x86.ActiveCfg = Debug|Any CPU
		{A99BA312-1F24-409B-BB89-39CD6D19C64A}.Debug|x86.Build.0 = Debug|Any CPU
		{A99BA312-1F24-409B-BB89-39CD6D19C64A}.Release|Any CPU.ActiveCfg = Release|Any CPU
		{A99BA312-1F24-409B-BB89-39CD6D19C64A}.Release|Any CPU.Build.0 = Release|Any CPU
		{A99BA312-1F24-409B-BB89-39CD6D19C64A}.Release|x64.ActiveCfg = Release|Any CPU
		{A99BA312-1F24-409B-BB89-39CD6D19C64A}.Release|x64.Build.0 = Release|Any CPU
		{A99BA312-1F24-409B-BB89-39CD6D19C64A}.Release|x86.ActiveCfg = Release|Any CPU
		{A99BA312-1F24-409B-BB89-39CD6D19C64A}.Release|x86.Build.0 = Release|Any CPU
		{0608670D-6983-4BCD-A867-2D9A63FA36DE}.Debug|Any CPU.ActiveCfg = Debug|Any CPU
		{0608670D-6983-4BCD-A867-2D9A63FA36DE}.Debug|Any CPU.Build.0 = Debug|Any CPU
		{0608670D-6983-4BCD-A867-2D9A63FA36DE}.Debug|x64.ActiveCfg = Debug|Any CPU
		{0608670D-6983-4BCD-A867-2D9A63FA36DE}.Debug|x64.Build.0 = Debug|Any CPU
		{0608670D-6983-4BCD-A867-2D9A63FA36DE}.Debug|x86.ActiveCfg = Debug|Any CPU
		{0608670D-6983-4BCD-A867-2D9A63FA36DE}.Debug|x86.Build.0 = Debug|Any CPU
		{0608670D-6983-4BCD-A867-2D9A63FA36DE}.Release|Any CPU.ActiveCfg = Release|Any CPU
		{0608670D-6983-4BCD-A867-2D9A63FA36DE}.Release|Any CPU.Build.0 = Release|Any CPU
		{0608670D-6983-4BCD-A867-2D9A63FA36DE}.Release|x64.ActiveCfg = Release|Any CPU
		{0608670D-6983-4BCD-A867-2D9A63FA36DE}.Release|x64.Build.0 = Release|Any CPU
		{0608670D-6983-4BCD-A867-2D9A63FA36DE}.Release|x86.ActiveCfg = Release|Any CPU
		{0608670D-6983-4BCD-A867-2D9A63FA36DE}.Release|x86.Build.0 = Release|Any CPU
		{7D7B4AF5-F609-46B9-9C80-3C140BA8DFDA}.Debug|Any CPU.ActiveCfg = Debug|Any CPU
		{7D7B4AF5-F609-46B9-9C80-3C140BA8DFDA}.Debug|Any CPU.Build.0 = Debug|Any CPU
		{7D7B4AF5-F609-46B9-9C80-3C140BA8DFDA}.Debug|x64.ActiveCfg = Debug|Any CPU
		{7D7B4AF5-F609-46B9-9C80-3C140BA8DFDA}.Debug|x64.Build.0 = Debug|Any CPU
		{7D7B4AF5-F609-46B9-9C80-3C140BA8DFDA}.Debug|x86.ActiveCfg = Debug|Any CPU
		{7D7B4AF5-F609-46B9-9C80-3C140BA8DFDA}.Debug|x86.Build.0 = Debug|Any CPU
		{7D7B4AF5-F609-46B9-9C80-3C140BA8DFDA}.Release|Any CPU.ActiveCfg = Release|Any CPU
		{7D7B4AF5-F609-46B9-9C80-3C140BA8DFDA}.Release|Any CPU.Build.0 = Release|Any CPU
		{7D7B4AF5-F609-46B9-9C80-3C140BA8DFDA}.Release|x64.ActiveCfg = Release|Any CPU
		{7D7B4AF5-F609-46B9-9C80-3C140BA8DFDA}.Release|x64.Build.0 = Release|Any CPU
		{7D7B4AF5-F609-46B9-9C80-3C140BA8DFDA}.Release|x86.ActiveCfg = Release|Any CPU
		{7D7B4AF5-F609-46B9-9C80-3C140BA8DFDA}.Release|x86.Build.0 = Release|Any CPU
		{E2D55D67-EB64-432E-8888-16FB405F8F4A}.Debug|Any CPU.ActiveCfg = Debug|Any CPU
		{E2D55D67-EB64-432E-8888-16FB405F8F4A}.Debug|Any CPU.Build.0 = Debug|Any CPU
		{E2D55D67-EB64-432E-8888-16FB405F8F4A}.Debug|x64.ActiveCfg = Debug|Any CPU
		{E2D55D67-EB64-432E-8888-16FB405F8F4A}.Debug|x64.Build.0 = Debug|Any CPU
		{E2D55D67-EB64-432E-8888-16FB405F8F4A}.Debug|x86.ActiveCfg = Debug|Any CPU
		{E2D55D67-EB64-432E-8888-16FB405F8F4A}.Debug|x86.Build.0 = Debug|Any CPU
		{E2D55D67-EB64-432E-8888-16FB405F8F4A}.Release|Any CPU.ActiveCfg = Release|Any CPU
		{E2D55D67-EB64-432E-8888-16FB405F8F4A}.Release|Any CPU.Build.0 = Release|Any CPU
		{E2D55D67-EB64-432E-8888-16FB405F8F4A}.Release|x64.ActiveCfg = Release|Any CPU
		{E2D55D67-EB64-432E-8888-16FB405F8F4A}.Release|x64.Build.0 = Release|Any CPU
		{E2D55D67-EB64-432E-8888-16FB405F8F4A}.Release|x86.ActiveCfg = Release|Any CPU
		{E2D55D67-EB64-432E-8888-16FB405F8F4A}.Release|x86.Build.0 = Release|Any CPU
		{3075C1EE-74A9-4432-B9F9-71EB812AC358}.Debug|Any CPU.ActiveCfg = Debug|Any CPU
		{3075C1EE-74A9-4432-B9F9-71EB812AC358}.Debug|Any CPU.Build.0 = Debug|Any CPU
		{3075C1EE-74A9-4432-B9F9-71EB812AC358}.Debug|x64.ActiveCfg = Debug|Any CPU
		{3075C1EE-74A9-4432-B9F9-71EB812AC358}.Debug|x64.Build.0 = Debug|Any CPU
		{3075C1EE-74A9-4432-B9F9-71EB812AC358}.Debug|x86.ActiveCfg = Debug|Any CPU
		{3075C1EE-74A9-4432-B9F9-71EB812AC358}.Debug|x86.Build.0 = Debug|Any CPU
		{3075C1EE-74A9-4432-B9F9-71EB812AC358}.Release|Any CPU.ActiveCfg = Release|Any CPU
		{3075C1EE-74A9-4432-B9F9-71EB812AC358}.Release|Any CPU.Build.0 = Release|Any CPU
		{3075C1EE-74A9-4432-B9F9-71EB812AC358}.Release|x64.ActiveCfg = Release|Any CPU
		{3075C1EE-74A9-4432-B9F9-71EB812AC358}.Release|x64.Build.0 = Release|Any CPU
		{3075C1EE-74A9-4432-B9F9-71EB812AC358}.Release|x86.ActiveCfg = Release|Any CPU
		{3075C1EE-74A9-4432-B9F9-71EB812AC358}.Release|x86.Build.0 = Release|Any CPU
		{F574CE42-F2B1-463E-AF48-DE0982E7727B}.Debug|Any CPU.ActiveCfg = Debug|Any CPU
		{F574CE42-F2B1-463E-AF48-DE0982E7727B}.Debug|Any CPU.Build.0 = Debug|Any CPU
		{F574CE42-F2B1-463E-AF48-DE0982E7727B}.Debug|x64.ActiveCfg = Debug|Any CPU
		{F574CE42-F2B1-463E-AF48-DE0982E7727B}.Debug|x64.Build.0 = Debug|Any CPU
		{F574CE42-F2B1-463E-AF48-DE0982E7727B}.Debug|x86.ActiveCfg = Debug|Any CPU
		{F574CE42-F2B1-463E-AF48-DE0982E7727B}.Debug|x86.Build.0 = Debug|Any CPU
		{F574CE42-F2B1-463E-AF48-DE0982E7727B}.Release|Any CPU.ActiveCfg = Release|Any CPU
		{F574CE42-F2B1-463E-AF48-DE0982E7727B}.Release|Any CPU.Build.0 = Release|Any CPU
		{F574CE42-F2B1-463E-AF48-DE0982E7727B}.Release|x64.ActiveCfg = Release|Any CPU
		{F574CE42-F2B1-463E-AF48-DE0982E7727B}.Release|x64.Build.0 = Release|Any CPU
		{F574CE42-F2B1-463E-AF48-DE0982E7727B}.Release|x86.ActiveCfg = Release|Any CPU
		{F574CE42-F2B1-463E-AF48-DE0982E7727B}.Release|x86.Build.0 = Release|Any CPU
		{C819A6CC-B7D2-4EE6-827E-45B0522EC213}.Debug|Any CPU.ActiveCfg = Debug|Any CPU
		{C819A6CC-B7D2-4EE6-827E-45B0522EC213}.Debug|Any CPU.Build.0 = Debug|Any CPU
		{C819A6CC-B7D2-4EE6-827E-45B0522EC213}.Debug|x64.ActiveCfg = Debug|Any CPU
		{C819A6CC-B7D2-4EE6-827E-45B0522EC213}.Debug|x64.Build.0 = Debug|Any CPU
		{C819A6CC-B7D2-4EE6-827E-45B0522EC213}.Debug|x86.ActiveCfg = Debug|Any CPU
		{C819A6CC-B7D2-4EE6-827E-45B0522EC213}.Debug|x86.Build.0 = Debug|Any CPU
		{C819A6CC-B7D2-4EE6-827E-45B0522EC213}.Release|Any CPU.ActiveCfg = Release|Any CPU
		{C819A6CC-B7D2-4EE6-827E-45B0522EC213}.Release|Any CPU.Build.0 = Release|Any CPU
		{C819A6CC-B7D2-4EE6-827E-45B0522EC213}.Release|x64.ActiveCfg = Release|Any CPU
		{C819A6CC-B7D2-4EE6-827E-45B0522EC213}.Release|x64.Build.0 = Release|Any CPU
		{C819A6CC-B7D2-4EE6-827E-45B0522EC213}.Release|x86.ActiveCfg = Release|Any CPU
		{C819A6CC-B7D2-4EE6-827E-45B0522EC213}.Release|x86.Build.0 = Release|Any CPU
		{0714528A-2619-438E-90EA-36A7E24B4356}.Debug|Any CPU.ActiveCfg = Debug|Any CPU
		{0714528A-2619-438E-90EA-36A7E24B4356}.Debug|Any CPU.Build.0 = Debug|Any CPU
		{0714528A-2619-438E-90EA-36A7E24B4356}.Debug|x64.ActiveCfg = Debug|Any CPU
		{0714528A-2619-438E-90EA-36A7E24B4356}.Debug|x64.Build.0 = Debug|Any CPU
		{0714528A-2619-438E-90EA-36A7E24B4356}.Debug|x86.ActiveCfg = Debug|Any CPU
		{0714528A-2619-438E-90EA-36A7E24B4356}.Debug|x86.Build.0 = Debug|Any CPU
		{0714528A-2619-438E-90EA-36A7E24B4356}.Release|Any CPU.ActiveCfg = Release|Any CPU
		{0714528A-2619-438E-90EA-36A7E24B4356}.Release|Any CPU.Build.0 = Release|Any CPU
		{0714528A-2619-438E-90EA-36A7E24B4356}.Release|x64.ActiveCfg = Release|Any CPU
		{0714528A-2619-438E-90EA-36A7E24B4356}.Release|x64.Build.0 = Release|Any CPU
		{0714528A-2619-438E-90EA-36A7E24B4356}.Release|x86.ActiveCfg = Release|Any CPU
		{0714528A-2619-438E-90EA-36A7E24B4356}.Release|x86.Build.0 = Release|Any CPU
		{E45C5F1F-4BDE-46CC-B75C-E554A3A0DA57}.Debug|Any CPU.ActiveCfg = Debug|Any CPU
		{E45C5F1F-4BDE-46CC-B75C-E554A3A0DA57}.Debug|Any CPU.Build.0 = Debug|Any CPU
		{E45C5F1F-4BDE-46CC-B75C-E554A3A0DA57}.Debug|x64.ActiveCfg = Debug|Any CPU
		{E45C5F1F-4BDE-46CC-B75C-E554A3A0DA57}.Debug|x64.Build.0 = Debug|Any CPU
		{E45C5F1F-4BDE-46CC-B75C-E554A3A0DA57}.Debug|x86.ActiveCfg = Debug|Any CPU
		{E45C5F1F-4BDE-46CC-B75C-E554A3A0DA57}.Debug|x86.Build.0 = Debug|Any CPU
		{E45C5F1F-4BDE-46CC-B75C-E554A3A0DA57}.Release|Any CPU.ActiveCfg = Release|Any CPU
		{E45C5F1F-4BDE-46CC-B75C-E554A3A0DA57}.Release|Any CPU.Build.0 = Release|Any CPU
		{E45C5F1F-4BDE-46CC-B75C-E554A3A0DA57}.Release|x64.ActiveCfg = Release|Any CPU
		{E45C5F1F-4BDE-46CC-B75C-E554A3A0DA57}.Release|x64.Build.0 = Release|Any CPU
		{E45C5F1F-4BDE-46CC-B75C-E554A3A0DA57}.Release|x86.ActiveCfg = Release|Any CPU
		{E45C5F1F-4BDE-46CC-B75C-E554A3A0DA57}.Release|x86.Build.0 = Release|Any CPU
		{E4990EB8-3E04-4E29-A002-16C2353B2045}.Debug|Any CPU.ActiveCfg = Debug|Any CPU
		{E4990EB8-3E04-4E29-A002-16C2353B2045}.Debug|Any CPU.Build.0 = Debug|Any CPU
		{E4990EB8-3E04-4E29-A002-16C2353B2045}.Debug|x64.ActiveCfg = Debug|Any CPU
		{E4990EB8-3E04-4E29-A002-16C2353B2045}.Debug|x64.Build.0 = Debug|Any CPU
		{E4990EB8-3E04-4E29-A002-16C2353B2045}.Debug|x86.ActiveCfg = Debug|Any CPU
		{E4990EB8-3E04-4E29-A002-16C2353B2045}.Debug|x86.Build.0 = Debug|Any CPU
		{E4990EB8-3E04-4E29-A002-16C2353B2045}.Release|Any CPU.ActiveCfg = Release|Any CPU
		{E4990EB8-3E04-4E29-A002-16C2353B2045}.Release|Any CPU.Build.0 = Release|Any CPU
		{E4990EB8-3E04-4E29-A002-16C2353B2045}.Release|x64.ActiveCfg = Release|Any CPU
		{E4990EB8-3E04-4E29-A002-16C2353B2045}.Release|x64.Build.0 = Release|Any CPU
		{E4990EB8-3E04-4E29-A002-16C2353B2045}.Release|x86.ActiveCfg = Release|Any CPU
		{E4990EB8-3E04-4E29-A002-16C2353B2045}.Release|x86.Build.0 = Release|Any CPU
	EndGlobalSection
	GlobalSection(SolutionProperties) = preSolution
		HideSolutionNode = FALSE
	EndGlobalSection
	GlobalSection(NestedProjects) = preSolution
		{964F24AC-0F60-4BEA-88AB-0168E57B9CFC} = {09DF2EE5-5FE7-3EC7-59CB-CAD7E0928979}
		{EEC1170E-763D-40AC-B88B-CF9662772EBE} = {09DF2EE5-5FE7-3EC7-59CB-CAD7E0928979}
		{2B4C5F96-0498-4BDA-B6A4-985BBA94A775} = {D82C56D6-B2CD-F611-9E31-04638F7EC30E}
		{E62BF511-8F80-4D40-A905-A6C9B2607C17} = {A74F262E-BDE7-D5D2-89E9-785413424D0A}
		{269922F1-240F-4697-A669-CACDE08ABE1D} = {996CEBED-A05B-5D42-3FF0-982E087A2599}
		{16EE136F-5C36-4AFB-ADC5-16B427396DE9} = {0C88DD14-F956-CE84-757C-A364CCF449FC}
		{B3A6F6D5-78C1-44E2-B1AC-3155616B9786} = {0C88DD14-F956-CE84-757C-A364CCF449FC}
		{8CD53263-6E2E-49B0-8999-77489BC85C36} = {0C88DD14-F956-CE84-757C-A364CCF449FC}
		{FF782063-CD14-4F73-A8CE-E59D18641EC5} = {0C88DD14-F956-CE84-757C-A364CCF449FC}
		{A99BA312-1F24-409B-BB89-39CD6D19C64A} = {0C88DD14-F956-CE84-757C-A364CCF449FC}
		{0608670D-6983-4BCD-A867-2D9A63FA36DE} = {0C88DD14-F956-CE84-757C-A364CCF449FC}
		{7D7B4AF5-F609-46B9-9C80-3C140BA8DFDA} = {09DF2EE5-5FE7-3EC7-59CB-CAD7E0928979}
		{E2D55D67-EB64-432E-8888-16FB405F8F4A} = {09DF2EE5-5FE7-3EC7-59CB-CAD7E0928979}
		{3075C1EE-74A9-4432-B9F9-71EB812AC358} = {09DF2EE5-5FE7-3EC7-59CB-CAD7E0928979}
		{F574CE42-F2B1-463E-AF48-DE0982E7727B} = {09DF2EE5-5FE7-3EC7-59CB-CAD7E0928979}
		{C819A6CC-B7D2-4EE6-827E-45B0522EC213} = {0C88DD14-F956-CE84-757C-A364CCF449FC}
		{0714528A-2619-438E-90EA-36A7E24B4356} = {0C88DD14-F956-CE84-757C-A364CCF449FC}
		{E45C5F1F-4BDE-46CC-B75C-E554A3A0DA57} = {0C88DD14-F956-CE84-757C-A364CCF449FC}
		{E4990EB8-3E04-4E29-A002-16C2353B2045} = {0C88DD14-F956-CE84-757C-A364CCF449FC}
	EndGlobalSection
EndGlobal
