
Microsoft Visual Studio Solution File, Format Version 12.00
# Visual Studio Version 17
VisualStudioVersion = 17.0.31903.59
MinimumVisualStudioVersion = 10.0.40219.1
Project("{2150E333-8FDC-42A3-9474-1A3956D46DE8}") = "Adapters", "Adapters", "{09DF2EE5-5FE7-3EC7-59CB-CAD7E0928979}"
EndProject
Project("{FAE04EC0-301F-11D3-BF4B-00C04F79EFBC}") = "emc.camus.persistence.postgresql", "Adapters\emc.camus.persistence.postgresql\emc.camus.persistence.postgresql.csproj", "{964F24AC-0F60-4BEA-88AB-0168E57B9CFC}"
EndProject
Project("{FAE04EC0-301F-11D3-BF4B-00C04F79EFBC}") = "emc.camus.secrets.dapr", "Adapters\emc.camus.secrets.dapr\emc.camus.secrets.dapr.csproj", "{EEC1170E-763D-40AC-B88B-CF9662772EBE}"
EndProject
Project("{2150E333-8FDC-42A3-9474-1A3956D46DE8}") = "Api", "Api", "{D82C56D6-B2CD-F611-9E31-04638F7EC30E}"
EndProject
Project("{FAE04EC0-301F-11D3-BF4B-00C04F79EFBC}") = "emc.camus.api", "Api\emc.camus.api\emc.camus.api.csproj", "{2B4C5F96-0498-4BDA-B6A4-985BBA94A775}"
EndProject
Project("{2150E333-8FDC-42A3-9474-1A3956D46DE8}") = "Application", "Application", "{A74F262E-BDE7-D5D2-89E9-785413424D0A}"
EndProject
Project("{FAE04EC0-301F-11D3-BF4B-00C04F79EFBC}") = "emc.camus.application", "Application\emc.camus.application\emc.camus.application.csproj", "{E62BF511-8F80-4D40-A905-A6C9B2607C17}"
EndProject
Project("{2150E333-8FDC-42A3-9474-1A3956D46DE8}") = "Domain", "Domain", "{996CEBED-A05B-5D42-3FF0-982E087A2599}"
EndProject
Project("{FAE04EC0-301F-11D3-BF4B-00C04F79EFBC}") = "emc.camus.domain", "Domain\emc.camus.domain\emc.camus.domain.csproj", "{269922F1-240F-4697-A669-CACDE08ABE1D}"
EndProject
Project("{2150E333-8FDC-42A3-9474-1A3956D46DE8}") = "Test", "Test", "{0C88DD14-F956-CE84-757C-A364CCF449FC}"
EndProject
Project("{FAE04EC0-301F-11D3-BF4B-00C04F79EFBC}") = "emc.camus.persistence.postgresql.test", "Test\emc.camus.persistence.postgresql.test\emc.camus.persistence.postgresql.test.csproj", "{16EE136F-5C36-4AFB-ADC5-16B427396DE9}"
EndProject
Project("{FAE04EC0-301F-11D3-BF4B-00C04F79EFBC}") = "emc.camus.api.test", "Test\emc.camus.api.test\emc.camus.api.test.csproj", "{B3A6F6D5-78C1-44E2-B1AC-3155616B9786}"
EndProject
Project("{FAE04EC0-301F-11D3-BF4B-00C04F79EFBC}") = "emc.camus.application.test", "Test\emc.camus.application.test\emc.camus.application.test.csproj", "{8CD53263-6E2E-49B0-8999-77489BC85C36}"
EndProject
Project("{FAE04EC0-301F-11D3-BF4B-00C04F79EFBC}") = "emc.camus.domain.test", "Test\emc.camus.domain.test\emc.camus.domain.test.csproj", "{FF782063-CD14-4F73-A8CE-E59D18641EC5}"
EndProject
Project("{2150E333-8FDC-42A3-9474-1A3956D46DE8}") = "emc.security.components", "emc.security.components", "{D39BBFF2-2AAF-4F4E-C085-8FB025C79395}"
EndProject
Project("{FAE04EC0-301F-11D3-BF4B-00C04F79EFBC}") = "emc.camus.security.jwt", "Adapters\emc.camus.security.jwt\emc.camus.security.jwt.csproj", "{675E663E-9741-4C17-86B8-57E4102494DD}"
EndProject
Project("{FAE04EC0-301F-11D3-BF4B-00C04F79EFBC}") = "emc.camus.security.apikey", "Adapters\emc.camus.security.apikey\emc.camus.security.apikey.csproj", "{B8F7D3E2-4A1C-4D2E-9F3B-C5E6F7A8B9C0}"
EndProject
Project("{FAE04EC0-301F-11D3-BF4B-00C04F79EFBC}") = "emc.camus.documentation.swagger", "Adapters\emc.camus.documentation.swagger\emc.camus.documentation.swagger.csproj", "{DC4C64B0-4829-45D4-8E07-087850FCDFC3}"
EndProject
Project("{FAE04EC0-301F-11D3-BF4B-00C04F79EFBC}") = "emc.camus.observability.otel.test", "Test\emc.camus.observability.otel.test\emc.camus.observability.otel.test.csproj", "{A99BA312-1F24-409B-BB89-39CD6D19C64A}"
EndProject
Project("{FAE04EC0-301F-11D3-BF4B-00C04F79EFBC}") = "emc.camus.secrets.dapr.test", "Test\emc.camus.secrets.dapr.test\emc.camus.secrets.dapr.test.csproj", "{0608670D-6983-4BCD-A867-2D9A63FA36DE}"
EndProject
Project("{FAE04EC0-301F-11D3-BF4B-00C04F79EFBC}") = "emc.camus.security.jwt.test", "Test\emc.camus.security.jwt.test\emc.camus.security.jwt.test.csproj", "{3540E3CF-4A0E-4130-85CB-961F145C53DB}"
EndProject
Project("{FAE04EC0-301F-11D3-BF4B-00C04F79EFBC}") = "emc.camus.observability.otel", "Adapters\emc.camus.observability.otel\emc.camus.observability.otel.csproj", "{7D7B4AF5-F609-46B9-9C80-3C140BA8DFDA}"
EndProject
Project("{FAE04EC0-301F-11D3-BF4B-00C04F79EFBC}") = "emc.camus.ratelimiting.memory", "Adapters\emc.camus.ratelimiting.memory\emc.camus.ratelimiting.memory.csproj", "{9F10F736-A3E5-4668-B53B-F962708A8EA0}"
EndProject
Project("{FAE04EC0-301F-11D3-BF4B-00C04F79EFBC}") = "emc.camus.security.apikey.test", "Test\emc.camus.security.apikey.test\emc.camus.security.apikey.test.csproj", "{1009236B-2223-4801-863D-4AC8BBEF1229}"
EndProject
Project("{FAE04EC0-301F-11D3-BF4B-00C04F79EFBC}") = "emc.camus.ratelimiting.memory.test", "Test\emc.camus.ratelimiting.memory.test\emc.camus.ratelimiting.memory.test.csproj", "{F4821BF6-9A21-4575-AD3E-CE126A40F1BD}"
EndProject
Project("{FAE04EC0-301F-11D3-BF4B-00C04F79EFBC}") = "emc.camus.documentation.swagger.test", "Test\emc.camus.documentation.swagger.test\emc.camus.documentation.swagger.test.csproj", "{4F12D871-557E-4FD3-B611-F53DCD3F5ECC}"
EndProject
Global
	GlobalSection(SolutionConfigurationPlatforms) = preSolution
		Debug|Any CPU = Debug|Any CPU
		Debug|x64 = Debug|x64
		Debug|x86 = Debug|x86
		Release|Any CPU = Release|Any CPU
		Release|x64 = Release|x64
		Release|x86 = Release|x86
	EndGlobalSection
	GlobalSection(ProjectConfigurationPlatforms) = postSolution
		{964F24AC-0F60-4BEA-88AB-0168E57B9CFC}.Debug|Any CPU.ActiveCfg = Debug|Any CPU
		{964F24AC-0F60-4BEA-88AB-0168E57B9CFC}.Debug|Any CPU.Build.0 = Debug|Any CPU
		{964F24AC-0F60-4BEA-88AB-0168E57B9CFC}.Debug|x64.ActiveCfg = Debug|Any CPU
		{964F24AC-0F60-4BEA-88AB-0168E57B9CFC}.Debug|x64.Build.0 = Debug|Any CPU
		{964F24AC-0F60-4BEA-88AB-0168E57B9CFC}.Debug|x86.ActiveCfg = Debug|Any CPU
		{964F24AC-0F60-4BEA-88AB-0168E57B9CFC}.Debug|x86.Build.0 = Debug|Any CPU
		{964F24AC-0F60-4BEA-88AB-0168E57B9CFC}.Release|Any CPU.ActiveCfg = Release|Any CPU
		{964F24AC-0F60-4BEA-88AB-0168E57B9CFC}.Release|Any CPU.Build.0 = Release|Any CPU
		{964F24AC-0F60-4BEA-88AB-0168E57B9CFC}.Release|x64.ActiveCfg = Release|Any CPU
		{964F24AC-0F60-4BEA-88AB-0168E57B9CFC}.Release|x64.Build.0 = Release|Any CPU
		{964F24AC-0F60-4BEA-88AB-0168E57B9CFC}.Release|x86.ActiveCfg = Release|Any CPU
		{964F24AC-0F60-4BEA-88AB-0168E57B9CFC}.Release|x86.Build.0 = Release|Any CPU
		{EEC1170E-763D-40AC-B88B-CF9662772EBE}.Debug|Any CPU.ActiveCfg = Debug|Any CPU
		{EEC1170E-763D-40AC-B88B-CF9662772EBE}.Debug|Any CPU.Build.0 = Debug|Any CPU
		{EEC1170E-763D-40AC-B88B-CF9662772EBE}.Debug|x64.ActiveCfg = Debug|Any CPU
		{EEC1170E-763D-40AC-B88B-CF9662772EBE}.Debug|x64.Build.0 = Debug|Any CPU
		{EEC1170E-763D-40AC-B88B-CF9662772EBE}.Debug|x86.ActiveCfg = Debug|Any CPU
		{EEC1170E-763D-40AC-B88B-CF9662772EBE}.Debug|x86.Build.0 = Debug|Any CPU
		{EEC1170E-763D-40AC-B88B-CF9662772EBE}.Release|Any CPU.ActiveCfg = Release|Any CPU
		{EEC1170E-763D-40AC-B88B-CF9662772EBE}.Release|Any CPU.Build.0 = Release|Any CPU
		{EEC1170E-763D-40AC-B88B-CF9662772EBE}.Release|x64.ActiveCfg = Release|Any CPU
		{EEC1170E-763D-40AC-B88B-CF9662772EBE}.Release|x64.Build.0 = Release|Any CPU
		{EEC1170E-763D-40AC-B88B-CF9662772EBE}.Release|x86.ActiveCfg = Release|Any CPU
		{EEC1170E-763D-40AC-B88B-CF9662772EBE}.Release|x86.Build.0 = Release|Any CPU
		{2B4C5F96-0498-4BDA-B6A4-985BBA94A775}.Debug|Any CPU.ActiveCfg = Debug|Any CPU
		{2B4C5F96-0498-4BDA-B6A4-985BBA94A775}.Debug|Any CPU.Build.0 = Debug|Any CPU
		{2B4C5F96-0498-4BDA-B6A4-985BBA94A775}.Debug|x64.ActiveCfg = Debug|Any CPU
		{2B4C5F96-0498-4BDA-B6A4-985BBA94A775}.Debug|x64.Build.0 = Debug|Any CPU
		{2B4C5F96-0498-4BDA-B6A4-985BBA94A775}.Debug|x86.ActiveCfg = Debug|Any CPU
		{2B4C5F96-0498-4BDA-B6A4-985BBA94A775}.Debug|x86.Build.0 = Debug|Any CPU
		{2B4C5F96-0498-4BDA-B6A4-985BBA94A775}.Release|Any CPU.ActiveCfg = Release|Any CPU
		{2B4C5F96-0498-4BDA-B6A4-985BBA94A775}.Release|Any CPU.Build.0 = Release|Any CPU
		{2B4C5F96-0498-4BDA-B6A4-985BBA94A775}.Release|x64.ActiveCfg = Release|Any CPU
		{2B4C5F96-0498-4BDA-B6A4-985BBA94A775}.Release|x64.Build.0 = Release|Any CPU
		{2B4C5F96-0498-4BDA-B6A4-985BBA94A775}.Release|x86.ActiveCfg = Release|Any CPU
		{2B4C5F96-0498-4BDA-B6A4-985BBA94A775}.Release|x86.Build.0 = Release|Any CPU
		{E62BF511-8F80-4D40-A905-A6C9B2607C17}.Debug|Any CPU.ActiveCfg = Debug|Any CPU
		{E62BF511-8F80-4D40-A905-A6C9B2607C17}.Debug|Any CPU.Build.0 = Debug|Any CPU
		{E62BF511-8F80-4D40-A905-A6C9B2607C17}.Debug|x64.ActiveCfg = Debug|Any CPU
		{E62BF511-8F80-4D40-A905-A6C9B2607C17}.Debug|x64.Build.0 = Debug|Any CPU
		{E62BF511-8F80-4D40-A905-A6C9B2607C17}.Debug|x86.ActiveCfg = Debug|Any CPU
		{E62BF511-8F80-4D40-A905-A6C9B2607C17}.Debug|x86.Build.0 = Debug|Any CPU
		{E62BF511-8F80-4D40-A905-A6C9B2607C17}.Release|Any CPU.ActiveCfg = Release|Any CPU
		{E62BF511-8F80-4D40-A905-A6C9B2607C17}.Release|Any CPU.Build.0 = Release|Any CPU
		{E62BF511-8F80-4D40-A905-A6C9B2607C17}.Release|x64.ActiveCfg = Release|Any CPU
		{E62BF511-8F80-4D40-A905-A6C9B2607C17}.Release|x64.Build.0 = Release|Any CPU
		{E62BF511-8F80-4D40-A905-A6C9B2607C17}.Release|x86.ActiveCfg = Release|Any CPU
		{E62BF511-8F80-4D40-A905-A6C9B2607C17}.Release|x86.Build.0 = Release|Any CPU
		{269922F1-240F-4697-A669-CACDE08ABE1D}.Debug|Any CPU.ActiveCfg = Debug|Any CPU
		{269922F1-240F-4697-A669-CACDE08ABE1D}.Debug|Any CPU.Build.0 = Debug|Any CPU
		{269922F1-240F-4697-A669-CACDE08ABE1D}.Debug|x64.ActiveCfg = Debug|Any CPU
		{269922F1-240F-4697-A669-CACDE08ABE1D}.Debug|x64.Build.0 = Debug|Any CPU
		{269922F1-240F-4697-A669-CACDE08ABE1D}.Debug|x86.ActiveCfg = Debug|Any CPU
		{269922F1-240F-4697-A669-CACDE08ABE1D}.Debug|x86.Build.0 = Debug|Any CPU
		{269922F1-240F-4697-A669-CACDE08ABE1D}.Release|Any CPU.ActiveCfg = Release|Any CPU
		{269922F1-240F-4697-A669-CACDE08ABE1D}.Release|Any CPU.Build.0 = Release|Any CPU
		{269922F1-240F-4697-A669-CACDE08ABE1D}.Release|x64.ActiveCfg = Release|Any CPU
		{269922F1-240F-4697-A669-CACDE08ABE1D}.Release|x64.Build.0 = Release|Any CPU
		{269922F1-240F-4697-A669-CACDE08ABE1D}.Release|x86.ActiveCfg = Release|Any CPU
		{269922F1-240F-4697-A669-CACDE08ABE1D}.Release|x86.Build.0 = Release|Any CPU
		{16EE136F-5C36-4AFB-ADC5-16B427396DE9}.Debug|Any CPU.ActiveCfg = Debug|Any CPU
		{16EE136F-5C36-4AFB-ADC5-16B427396DE9}.Debug|Any CPU.Build.0 = Debug|Any CPU
		{16EE136F-5C36-4AFB-ADC5-16B427396DE9}.Debug|x64.ActiveCfg = Debug|Any CPU
		{16EE136F-5C36-4AFB-ADC5-16B427396DE9}.Debug|x64.Build.0 = Debug|Any CPU
		{16EE136F-5C36-4AFB-ADC5-16B427396DE9}.Debug|x86.ActiveCfg = Debug|Any CPU
		{16EE136F-5C36-4AFB-ADC5-16B427396DE9}.Debug|x86.Build.0 = Debug|Any CPU
		{16EE136F-5C36-4AFB-ADC5-16B427396DE9}.Release|Any CPU.ActiveCfg = Release|Any CPU
		{16EE136F-5C36-4AFB-ADC5-16B427396DE9}.Release|Any CPU.Build.0 = Release|Any CPU
		{16EE136F-5C36-4AFB-ADC5-16B427396DE9}.Release|x64.ActiveCfg = Release|Any CPU
		{16EE136F-5C36-4AFB-ADC5-16B427396DE9}.Release|x64.Build.0 = Release|Any CPU
		{16EE136F-5C36-4AFB-ADC5-16B427396DE9}.Release|x86.ActiveCfg = Release|Any CPU
		{16EE136F-5C36-4AFB-ADC5-16B427396DE9}.Release|x86.Build.0 = Release|Any CPU
		{B3A6F6D5-78C1-44E2-B1AC-3155616B9786}.Debug|Any CPU.ActiveCfg = Debug|Any CPU
		{B3A6F6D5-78C1-44E2-B1AC-3155616B9786}.Debug|Any CPU.Build.0 = Debug|Any CPU
		{B3A6F6D5-78C1-44E2-B1AC-3155616B9786}.Debug|x64.ActiveCfg = Debug|Any CPU
		{B3A6F6D5-78C1-44E2-B1AC-3155616B9786}.Debug|x64.Build.0 = Debug|Any CPU
		{B3A6F6D5-78C1-44E2-B1AC-3155616B9786}.Debug|x86.ActiveCfg = Debug|Any CPU
		{B3A6F6D5-78C1-44E2-B1AC-3155616B9786}.Debug|x86.Build.0 = Debug|Any CPU
		{B3A6F6D5-78C1-44E2-B1AC-3155616B9786}.Release|Any CPU.ActiveCfg = Release|Any CPU
		{B3A6F6D5-78C1-44E2-B1AC-3155616B9786}.Release|Any CPU.Build.0 = Release|Any CPU
		{B3A6F6D5-78C1-44E2-B1AC-3155616B9786}.Release|x64.ActiveCfg = Release|Any CPU
		{B3A6F6D5-78C1-44E2-B1AC-3155616B9786}.Release|x64.Build.0 = Release|Any CPU
		{B3A6F6D5-78C1-44E2-B1AC-3155616B9786}.Release|x86.ActiveCfg = Release|Any CPU
		{B3A6F6D5-78C1-44E2-B1AC-3155616B9786}.Release|x86.Build.0 = Release|Any CPU
		{8CD53263-6E2E-49B0-8999-77489BC85C36}.Debug|Any CPU.ActiveCfg = Debug|Any CPU
		{8CD53263-6E2E-49B0-8999-77489BC85C36}.Debug|Any CPU.Build.0 = Debug|Any CPU
		{8CD53263-6E2E-49B0-8999-77489BC85C36}.Debug|x64.ActiveCfg = Debug|Any CPU
		{8CD53263-6E2E-49B0-8999-77489BC85C36}.Debug|x64.Build.0 = Debug|Any CPU
		{8CD53263-6E2E-49B0-8999-77489BC85C36}.Debug|x86.ActiveCfg = Debug|Any CPU
		{8CD53263-6E2E-49B0-8999-77489BC85C36}.Debug|x86.Build.0 = Debug|Any CPU
		{8CD53263-6E2E-49B0-8999-77489BC85C36}.Release|Any CPU.ActiveCfg = Release|Any CPU
		{8CD53263-6E2E-49B0-8999-77489BC85C36}.Release|Any CPU.Build.0 = Release|Any CPU
		{8CD53263-6E2E-49B0-8999-77489BC85C36}.Release|x64.ActiveCfg = Release|Any CPU
		{8CD53263-6E2E-49B0-8999-77489BC85C36}.Release|x64.Build.0 = Release|Any CPU
		{8CD53263-6E2E-49B0-8999-77489BC85C36}.Release|x86.ActiveCfg = Release|Any CPU
		{8CD53263-6E2E-49B0-8999-77489BC85C36}.Release|x86.Build.0 = Release|Any CPU
		{FF782063-CD14-4F73-A8CE-E59D18641EC5}.Debug|Any CPU.ActiveCfg = Debug|Any CPU
		{FF782063-CD14-4F73-A8CE-E59D18641EC5}.Debug|Any CPU.Build.0 = Debug|Any CPU
		{FF782063-CD14-4F73-A8CE-E59D18641EC5}.Debug|x64.ActiveCfg = Debug|Any CPU
		{FF782063-CD14-4F73-A8CE-E59D18641EC5}.Debug|x64.Build.0 = Debug|Any CPU
		{FF782063-CD14-4F73-A8CE-E59D18641EC5}.Debug|x86.ActiveCfg = Debug|Any CPU
		{FF782063-CD14-4F73-A8CE-E59D18641EC5}.Debug|x86.Build.0 = Debug|Any CPU
		{FF782063-CD14-4F73-A8CE-E59D18641EC5}.Release|Any CPU.ActiveCfg = Release|Any CPU
		{FF782063-CD14-4F73-A8CE-E59D18641EC5}.Release|Any CPU.Build.0 = Release|Any CPU
		{FF782063-CD14-4F73-A8CE-E59D18641EC5}.Release|x64.ActiveCfg = Release|Any CPU
		{FF782063-CD14-4F73-A8CE-E59D18641EC5}.Release|x64.Build.0 = Release|Any CPU
		{FF782063-CD14-4F73-A8CE-E59D18641EC5}.Release|x86.ActiveCfg = Release|Any CPU
		{FF782063-CD14-4F73-A8CE-E59D18641EC5}.Release|x86.Build.0 = Release|Any CPU
		{675E663E-9741-4C17-86B8-57E4102494DD}.Debug|Any CPU.ActiveCfg = Debug|Any CPU
		{675E663E-9741-4C17-86B8-57E4102494DD}.Debug|Any CPU.Build.0 = Debug|Any CPU
		{675E663E-9741-4C17-86B8-57E4102494DD}.Debug|x64.ActiveCfg = Debug|Any CPU
		{675E663E-9741-4C17-86B8-57E4102494DD}.Debug|x64.Build.0 = Debug|Any CPU
		{675E663E-9741-4C17-86B8-57E4102494DD}.Debug|x86.ActiveCfg = Debug|Any CPU
		{675E663E-9741-4C17-86B8-57E4102494DD}.Debug|x86.Build.0 = Debug|Any CPU
		{675E663E-9741-4C17-86B8-57E4102494DD}.Release|Any CPU.ActiveCfg = Release|Any CPU
		{675E663E-9741-4C17-86B8-57E4102494DD}.Release|Any CPU.Build.0 = Release|Any CPU
		{675E663E-9741-4C17-86B8-57E4102494DD}.Release|x64.ActiveCfg = Release|Any CPU
		{675E663E-9741-4C17-86B8-57E4102494DD}.Release|x64.Build.0 = Release|Any CPU
		{675E663E-9741-4C17-86B8-57E4102494DD}.Release|x86.ActiveCfg = Release|Any CPU
		{675E663E-9741-4C17-86B8-57E4102494DD}.Release|x86.Build.0 = Release|Any CPU
		{DC4C64B0-4829-45D4-8E07-087850FCDFC3}.Debug|Any CPU.ActiveCfg = Debug|Any CPU
		{DC4C64B0-4829-45D4-8E07-087850FCDFC3}.Debug|Any CPU.Build.0 = Debug|Any CPU
		{DC4C64B0-4829-45D4-8E07-087850FCDFC3}.Debug|x64.ActiveCfg = Debug|Any CPU
		{DC4C64B0-4829-45D4-8E07-087850FCDFC3}.Debug|x64.Build.0 = Debug|Any CPU
		{DC4C64B0-4829-45D4-8E07-087850FCDFC3}.Debug|x86.ActiveCfg = Debug|Any CPU
		{DC4C64B0-4829-45D4-8E07-087850FCDFC3}.Debug|x86.Build.0 = Debug|Any CPU
		{DC4C64B0-4829-45D4-8E07-087850FCDFC3}.Release|Any CPU.ActiveCfg = Release|Any CPU
		{DC4C64B0-4829-45D4-8E07-087850FCDFC3}.Release|Any CPU.Build.0 = Release|Any CPU
		{DC4C64B0-4829-45D4-8E07-087850FCDFC3}.Release|x64.ActiveCfg = Release|Any CPU
		{DC4C64B0-4829-45D4-8E07-087850FCDFC3}.Release|x64.Build.0 = Release|Any CPU
		{DC4C64B0-4829-45D4-8E07-087850FCDFC3}.Release|x86.ActiveCfg = Release|Any CPU
		{DC4C64B0-4829-45D4-8E07-087850FCDFC3}.Release|x86.Build.0 = Release|Any CPU
		{A99BA312-1F24-409B-BB89-39CD6D19C64A}.Debug|Any CPU.ActiveCfg = Debug|Any CPU
		{A99BA312-1F24-409B-BB89-39CD6D19C64A}.Debug|Any CPU.Build.0 = Debug|Any CPU
		{A99BA312-1F24-409B-BB89-39CD6D19C64A}.Debug|x64.ActiveCfg = Debug|Any CPU
		{A99BA312-1F24-409B-BB89-39CD6D19C64A}.Debug|x64.Build.0 = Debug|Any CPU
		{A99BA312-1F24-409B-BB89-39CD6D19C64A}.Debug|x86.ActiveCfg = Debug|Any CPU
		{A99BA312-1F24-409B-BB89-39CD6D19C64A}.Debug|x86.Build.0 = Debug|Any CPU
		{A99BA312-1F24-409B-BB89-39CD6D19C64A}.Release|Any CPU.ActiveCfg = Release|Any CPU
		{A99BA312-1F24-409B-BB89-39CD6D19C64A}.Release|Any CPU.Build.0 = Release|Any CPU
		{A99BA312-1F24-409B-BB89-39CD6D19C64A}.Release|x64.ActiveCfg = Release|Any CPU
		{A99BA312-1F24-409B-BB89-39CD6D19C64A}.Release|x64.Build.0 = Release|Any CPU
		{A99BA312-1F24-409B-BB89-39CD6D19C64A}.Release|x86.ActiveCfg = Release|Any CPU
		{A99BA312-1F24-409B-BB89-39CD6D19C64A}.Release|x86.Build.0 = Release|Any CPU
		{0608670D-6983-4BCD-A867-2D9A63FA36DE}.Debug|Any CPU.ActiveCfg = Debug|Any CPU
		{0608670D-6983-4BCD-A867-2D9A63FA36DE}.Debug|Any CPU.Build.0 = Debug|Any CPU
		{0608670D-6983-4BCD-A867-2D9A63FA36DE}.Debug|x64.ActiveCfg = Debug|Any CPU
		{0608670D-6983-4BCD-A867-2D9A63FA36DE}.Debug|x64.Build.0 = Debug|Any CPU
		{0608670D-6983-4BCD-A867-2D9A63FA36DE}.Debug|x86.ActiveCfg = Debug|Any CPU
		{0608670D-6983-4BCD-A867-2D9A63FA36DE}.Debug|x86.Build.0 = Debug|Any CPU
		{0608670D-6983-4BCD-A867-2D9A63FA36DE}.Release|Any CPU.ActiveCfg = Release|Any CPU
		{0608670D-6983-4BCD-A867-2D9A63FA36DE}.Release|Any CPU.Build.0 = Release|Any CPU
		{0608670D-6983-4BCD-A867-2D9A63FA36DE}.Release|x64.ActiveCfg = Release|Any CPU
		{0608670D-6983-4BCD-A867-2D9A63FA36DE}.Release|x64.Build.0 = Release|Any CPU
		{0608670D-6983-4BCD-A867-2D9A63FA36DE}.Release|x86.ActiveCfg = Release|Any CPU
		{0608670D-6983-4BCD-A867-2D9A63FA36DE}.Release|x86.Build.0 = Release|Any CPU
		{3540E3CF-4A0E-4130-85CB-961F145C53DB}.Debug|Any CPU.ActiveCfg = Debug|Any CPU
		{3540E3CF-4A0E-4130-85CB-961F145C53DB}.Debug|Any CPU.Build.0 = Debug|Any CPU
		{3540E3CF-4A0E-4130-85CB-961F145C53DB}.Debug|x64.ActiveCfg = Debug|Any CPU
		{3540E3CF-4A0E-4130-85CB-961F145C53DB}.Debug|x64.Build.0 = Debug|Any CPU
		{3540E3CF-4A0E-4130-85CB-961F145C53DB}.Debug|x86.ActiveCfg = Debug|Any CPU
		{3540E3CF-4A0E-4130-85CB-961F145C53DB}.Debug|x86.Build.0 = Debug|Any CPU
		{3540E3CF-4A0E-4130-85CB-961F145C53DB}.Release|Any CPU.ActiveCfg = Release|Any CPU
		{3540E3CF-4A0E-4130-85CB-961F145C53DB}.Release|Any CPU.Build.0 = Release|Any CPU
		{3540E3CF-4A0E-4130-85CB-961F145C53DB}.Release|x64.ActiveCfg = Release|Any CPU
		{3540E3CF-4A0E-4130-85CB-961F145C53DB}.Release|x64.Build.0 = Release|Any CPU
		{3540E3CF-4A0E-4130-85CB-961F145C53DB}.Release|x86.ActiveCfg = Release|Any CPU
		{3540E3CF-4A0E-4130-85CB-961F145C53DB}.Release|x86.Build.0 = Release|Any CPU
		{7D7B4AF5-F609-46B9-9C80-3C140BA8DFDA}.Debug|Any CPU.ActiveCfg = Debug|Any CPU
		{7D7B4AF5-F609-46B9-9C80-3C140BA8DFDA}.Debug|Any CPU.Build.0 = Debug|Any CPU
		{7D7B4AF5-F609-46B9-9C80-3C140BA8DFDA}.Debug|x64.ActiveCfg = Debug|Any CPU
		{7D7B4AF5-F609-46B9-9C80-3C140BA8DFDA}.Debug|x64.Build.0 = Debug|Any CPU
		{7D7B4AF5-F609-46B9-9C80-3C140BA8DFDA}.Debug|x86.ActiveCfg = Debug|Any CPU
		{7D7B4AF5-F609-46B9-9C80-3C140BA8DFDA}.Debug|x86.Build.0 = Debug|Any CPU
		{7D7B4AF5-F609-46B9-9C80-3C140BA8DFDA}.Release|Any CPU.ActiveCfg = Release|Any CPU
		{7D7B4AF5-F609-46B9-9C80-3C140BA8DFDA}.Release|Any CPU.Build.0 = Release|Any CPU
		{7D7B4AF5-F609-46B9-9C80-3C140BA8DFDA}.Release|x64.ActiveCfg = Release|Any CPU
		{7D7B4AF5-F609-46B9-9C80-3C140BA8DFDA}.Release|x64.Build.0 = Release|Any CPU
		{7D7B4AF5-F609-46B9-9C80-3C140BA8DFDA}.Release|x86.ActiveCfg = Release|Any CPU
		{7D7B4AF5-F609-46B9-9C80-3C140BA8DFDA}.Release|x86.Build.0 = Release|Any CPU
		{9F10F736-A3E5-4668-B53B-F962708A8EA0}.Debug|Any CPU.ActiveCfg = Debug|Any CPU
		{9F10F736-A3E5-4668-B53B-F962708A8EA0}.Debug|Any CPU.Build.0 = Debug|Any CPU
		{9F10F736-A3E5-4668-B53B-F962708A8EA0}.Debug|x64.ActiveCfg = Debug|Any CPU
		{9F10F736-A3E5-4668-B53B-F962708A8EA0}.Debug|x64.Build.0 = Debug|Any CPU
		{9F10F736-A3E5-4668-B53B-F962708A8EA0}.Debug|x86.ActiveCfg = Debug|Any CPU
		{9F10F736-A3E5-4668-B53B-F962708A8EA0}.Debug|x86.Build.0 = Debug|Any CPU
		{9F10F736-A3E5-4668-B53B-F962708A8EA0}.Release|Any CPU.ActiveCfg = Release|Any CPU
		{9F10F736-A3E5-4668-B53B-F962708A8EA0}.Release|Any CPU.Build.0 = Release|Any CPU
		{9F10F736-A3E5-4668-B53B-F962708A8EA0}.Release|x64.ActiveCfg = Release|Any CPU
		{9F10F736-A3E5-4668-B53B-F962708A8EA0}.Release|x64.Build.0 = Release|Any CPU
		{9F10F736-A3E5-4668-B53B-F962708A8EA0}.Release|x86.ActiveCfg = Release|Any CPU
		{9F10F736-A3E5-4668-B53B-F962708A8EA0}.Release|x86.Build.0 = Release|Any CPU
		{1009236B-2223-4801-863D-4AC8BBEF1229}.Debug|Any CPU.ActiveCfg = Debug|Any CPU
		{1009236B-2223-4801-863D-4AC8BBEF1229}.Debug|Any CPU.Build.0 = Debug|Any CPU
		{1009236B-2223-4801-863D-4AC8BBEF1229}.Debug|x64.ActiveCfg = Debug|Any CPU
		{1009236B-2223-4801-863D-4AC8BBEF1229}.Debug|x64.Build.0 = Debug|Any CPU
		{1009236B-2223-4801-863D-4AC8BBEF1229}.Debug|x86.ActiveCfg = Debug|Any CPU
		{1009236B-2223-4801-863D-4AC8BBEF1229}.Debug|x86.Build.0 = Debug|Any CPU
		{1009236B-2223-4801-863D-4AC8BBEF1229}.Release|Any CPU.ActiveCfg = Release|Any CPU
		{1009236B-2223-4801-863D-4AC8BBEF1229}.Release|Any CPU.Build.0 = Release|Any CPU
		{1009236B-2223-4801-863D-4AC8BBEF1229}.Release|x64.ActiveCfg = Release|Any CPU
		{1009236B-2223-4801-863D-4AC8BBEF1229}.Release|x64.Build.0 = Release|Any CPU
		{1009236B-2223-4801-863D-4AC8BBEF1229}.Release|x86.ActiveCfg = Release|Any CPU
		{1009236B-2223-4801-863D-4AC8BBEF1229}.Release|x86.Build.0 = Release|Any CPU
		{F4821BF6-9A21-4575-AD3E-CE126A40F1BD}.Debug|Any CPU.ActiveCfg = Debug|Any CPU
		{F4821BF6-9A21-4575-AD3E-CE126A40F1BD}.Debug|Any CPU.Build.0 = Debug|Any CPU
		{F4821BF6-9A21-4575-AD3E-CE126A40F1BD}.Debug|x64.ActiveCfg = Debug|Any CPU
		{F4821BF6-9A21-4575-AD3E-CE126A40F1BD}.Debug|x64.Build.0 = Debug|Any CPU
		{F4821BF6-9A21-4575-AD3E-CE126A40F1BD}.Debug|x86.ActiveCfg = Debug|Any CPU
		{F4821BF6-9A21-4575-AD3E-CE126A40F1BD}.Debug|x86.Build.0 = Debug|Any CPU
		{F4821BF6-9A21-4575-AD3E-CE126A40F1BD}.Release|Any CPU.ActiveCfg = Release|Any CPU
		{F4821BF6-9A21-4575-AD3E-CE126A40F1BD}.Release|Any CPU.Build.0 = Release|Any CPU
		{F4821BF6-9A21-4575-AD3E-CE126A40F1BD}.Release|x64.ActiveCfg = Release|Any CPU
		{F4821BF6-9A21-4575-AD3E-CE126A40F1BD}.Release|x64.Build.0 = Release|Any CPU
		{F4821BF6-9A21-4575-AD3E-CE126A40F1BD}.Release|x86.ActiveCfg = Release|Any CPU
		{F4821BF6-9A21-4575-AD3E-CE126A40F1BD}.Release|x86.Build.0 = Release|Any CPU
		{4F12D871-557E-4FD3-B611-F53DCD3F5ECC}.Debug|Any CPU.ActiveCfg = Debug|Any CPU
		{4F12D871-557E-4FD3-B611-F53DCD3F5ECC}.Debug|Any CPU.Build.0 = Debug|Any CPU
		{4F12D871-557E-4FD3-B611-F53DCD3F5ECC}.Debug|x64.ActiveCfg = Debug|Any CPU
		{4F12D871-557E-4FD3-B611-F53DCD3F5ECC}.Debug|x64.Build.0 = Debug|Any CPU
		{4F12D871-557E-4FD3-B611-F53DCD3F5ECC}.Debug|x86.ActiveCfg = Debug|Any CPU
		{4F12D871-557E-4FD3-B611-F53DCD3F5ECC}.Debug|x86.Build.0 = Debug|Any CPU
		{4F12D871-557E-4FD3-B611-F53DCD3F5ECC}.Release|Any CPU.ActiveCfg = Release|Any CPU
		{4F12D871-557E-4FD3-B611-F53DCD3F5ECC}.Release|Any CPU.Build.0 = Release|Any CPU
		{4F12D871-557E-4FD3-B611-F53DCD3F5ECC}.Release|x64.ActiveCfg = Release|Any CPU
		{4F12D871-557E-4FD3-B611-F53DCD3F5ECC}.Release|x64.Build.0 = Release|Any CPU
		{4F12D871-557E-4FD3-B611-F53DCD3F5ECC}.Release|x86.ActiveCfg = Release|Any CPU
		{4F12D871-557E-4FD3-B611-F53DCD3F5ECC}.Release|x86.Build.0 = Release|Any CPU
	EndGlobalSection
	GlobalSection(SolutionProperties) = preSolution
		HideSolutionNode = FALSE
	EndGlobalSection
	GlobalSection(NestedProjects) = preSolution
		{964F24AC-0F60-4BEA-88AB-0168E57B9CFC} = {09DF2EE5-5FE7-3EC7-59CB-CAD7E0928979}
		{EEC1170E-763D-40AC-B88B-CF9662772EBE} = {09DF2EE5-5FE7-3EC7-59CB-CAD7E0928979}
		{2B4C5F96-0498-4BDA-B6A4-985BBA94A775} = {D82C56D6-B2CD-F611-9E31-04638F7EC30E}
		{E62BF511-8F80-4D40-A905-A6C9B2607C17} = {A74F262E-BDE7-D5D2-89E9-785413424D0A}
		{269922F1-240F-4697-A669-CACDE08ABE1D} = {996CEBED-A05B-5D42-3FF0-982E087A2599}
		{16EE136F-5C36-4AFB-ADC5-16B427396DE9} = {0C88DD14-F956-CE84-757C-A364CCF449FC}
		{B3A6F6D5-78C1-44E2-B1AC-3155616B9786} = {0C88DD14-F956-CE84-757C-A364CCF449FC}
		{8CD53263-6E2E-49B0-8999-77489BC85C36} = {0C88DD14-F956-CE84-757C-A364CCF449FC}
		{FF782063-CD14-4F73-A8CE-E59D18641EC5} = {0C88DD14-F956-CE84-757C-A364CCF449FC}
		{D39BBFF2-2AAF-4F4E-C085-8FB025C79395} = {09DF2EE5-5FE7-3EC7-59CB-CAD7E0928979}
		{675E663E-9741-4C17-86B8-57E4102494DD} = {D39BBFF2-2AAF-4F4E-C085-8FB025C79395}
		{DC4C64B0-4829-45D4-8E07-087850FCDFC3} = {09DF2EE5-5FE7-3EC7-59CB-CAD7E0928979}
		{A99BA312-1F24-409B-BB89-39CD6D19C64A} = {0C88DD14-F956-CE84-757C-A364CCF449FC}
		{0608670D-6983-4BCD-A867-2D9A63FA36DE} = {0C88DD14-F956-CE84-757C-A364CCF449FC}
		{3540E3CF-4A0E-4130-85CB-961F145C53DB} = {0C88DD14-F956-CE84-757C-A364CCF449FC}
		{7D7B4AF5-F609-46B9-9C80-3C140BA8DFDA} = {09DF2EE5-5FE7-3EC7-59CB-CAD7E0928979}
		{9F10F736-A3E5-4668-B53B-F962708A8EA0} = {09DF2EE5-5FE7-3EC7-59CB-CAD7E0928979}
		{1009236B-2223-4801-863D-4AC8BBEF1229} = {0C88DD14-F956-CE84-757C-A364CCF449FC}
		{F4821BF6-9A21-4575-AD3E-CE126A40F1BD} = {0C88DD14-F956-CE84-757C-A364CCF449FC}
		{4F12D871-557E-4FD3-B611-F53DCD3F5ECC} = {0C88DD14-F956-CE84-757C-A364CCF449FC}
	EndGlobalSection
EndGlobal
